{
  "name": "Bat_Outta_Hell",
  "lockfileVersion": 3,
  "requires": true,
  "packages": {
    "": {
      "dependencies": {
        "syngen": "^2.0.0-beta.3"
      }
    },
    "node_modules/gulp-footer": {
      "version": "2.1.0",
      "resolved": "https://registry.npmjs.org/gulp-footer/-/gulp-footer-2.1.0.tgz",
      "integrity": "sha512-CK3nRBP3PG59XN2L1rDLkBHA7goYsW+tJuVQccLP9jq3mpBT2kuRq0ImgNjrUkDbF948aCVQH4J7uIEqiZ2MHA==",
      "license": "MIT",
      "dependencies": {
        "lodash": "^4.17.21",
        "map-stream": "^0.0.7"
      }
    },
    "node_modules/lodash": {
      "version": "4.18.1",
      "resolved": "https://registry.npmjs.org/lodash/-/lodash-4.18.1.tgz",
      "integrity": "sha512-dMInicTPVE8d1e5otfwmmjlxkZoUpiVLwyeTdUsi/Caj/gfzzblBcCE5sRHV/AsjuCmxWrte2TNGSYuCeCq+0Q==",
      "license": "MIT"
    },
    "node_modules/map-stream": {
      "version": "0.0.7",
      "resolved": "https://registry.npmjs.org/map-stream/-/map-stream-0.0.7.tgz",
      "integrity": "sha512-C0X0KQmGm3N2ftbTGBhSyuydQ+vV1LC3f3zPvT3RXHXNZrvfPZcoXp/N5DOa8vedX/rTMm2CjTtivFg2STJMRQ==",
      "license": "MIT"
    },
    "node_modules/merge-stream": {
      "version": "2.0.0",
      "resolved": "https://registry.npmjs.org/merge-stream/-/merge-stream-2.0.0.tgz",
      "integrity": "sha512-abv/qOcuPfk3URPfDzmZU1LKmuw8kT+0nIHvKrKgFrwifol/doWcdA4ZqsWQ8ENrFKkd67Mfpo/LovbIUsbt3w==",
      "license": "MIT"
    },
    "node_modules/syngen": {
      "version": "2.0.0-beta.3",
      "resolved": "https://registry.npmjs.org/syngen/-/syngen-2.0.0-beta.3.tgz",
      "integrity": "sha512-+FShvaIAh2QY+Q919xgwBe3GE/283CkuxCrKeSB3G8lUB+Ohjb1cplGaUxgFNHps5iO8S0zbumGM58WlK6UwRg==",
      "license": "Unlicense",
      "dependencies": {
        "gulp-footer": "^2.1.0",
        "merge-stream": "^2.0.0"
      }
    }
  }
}
